
Microsoft Visual Studio Solution File, Format Version 12.00
# Visual Studio 15
Project("{FAE04EC0-301F-11D3-BF4B-00C04F79EFBC}") = "Assembly-CSharp", "Assembly-CSharp.csproj", "{294563F3-3905-D2AE-AA3F-AC0A1A136C20}"
EndProject
Project("{FAE04EC0-301F-11D3-BF4B-00C04F79EFBC}") = "Assembly-CSharp-Editor", "Assembly-CSharp-Editor.csproj", "{F89F1F5B-2184-CCD2-0BC9-9FEAB509F6EB}"
EndProject
Global
	GlobalSection(SolutionConfigurationPlatforms) = preSolution
		Debug|Any CPU = Debug|Any CPU
		Release|Any CPU = Release|Any CPU
	EndGlobalSection
	GlobalSection(ProjectConfigurationPlatforms) = postSolution
		{294563F3-3905-D2AE-AA3F-AC0A1A136C20}.Debug|Any CPU.ActiveCfg = Debug|Any CPU
		{294563F3-3905-D2AE-AA3F-AC0A1A136C20}.Debug|Any CPU.Build.0 = Debug|Any CPU
		{294563F3-3905-D2AE-AA3F-AC0A1A136C20}.Release|Any CPU.ActiveCfg = Release|Any CPU
		{294563F3-3905-D2AE-AA3F-AC0A1A136C20}.Release|Any CPU.Build.0 = Release|Any CPU
		{F89F1F5B-2184-CCD2-0BC9-9FEAB509F6EB}.Debug|Any CPU.ActiveCfg = Debug|Any CPU
		{F89F1F5B-2184-CCD2-0BC9-9FEAB509F6EB}.Debug|Any CPU.Build.0 = Debug|Any CPU
		{F89F1F5B-2184-CCD2-0BC9-9FEAB509F6EB}.Release|Any CPU.ActiveCfg = Release|Any CPU
		{F89F1F5B-2184-CCD2-0BC9-9FEAB509F6EB}.Release|Any CPU.Build.0 = Release|Any CPU
	EndGlobalSection
	GlobalSection(SolutionProperties) = preSolution
		HideSolutionNode = FALSE
	EndGlobalSection
EndGlobal
